
Microsoft Visual Studio Solution File, Format Version 12.00
# Visual Studio Version 17
VisualStudioVersion = 17.4.33213.308
MinimumVisualStudioVersion = 10.0.40219.1
Project("{FAE04EC0-301F-11D3-BF4B-00C04F79EFBC}") = "praktika", "praktika\praktika.csproj", "{07986CA3-0134-4AE9-90E7-A8FAF710B3B7}"
EndProject
Global
	GlobalSection(SolutionConfigurationPlatforms) = preSolution
		Debug|Any CPU = Debug|Any CPU
		Release|Any CPU = Release|Any CPU
	EndGlobalSection
	GlobalSection(ProjectConfigurationPlatforms) = postSolution
		{07986CA3-0134-4AE9-90E7-A8FAF710B3B7}.Debug|Any CPU.ActiveCfg = Debug|Any CPU
		{07986CA3-0134-4AE9-90E7-A8FAF710B3B7}.Debug|Any CPU.Build.0 = Debug|Any CPU
		{07986CA3-0134-4AE9-90E7-A8FAF710B3B7}.Release|Any CPU.ActiveCfg = Release|Any CPU
		{07986CA3-0134-4AE9-90E7-A8FAF710B3B7}.Release|Any CPU.Build.0 = Release|Any CPU
	EndGlobalSection
	GlobalSection(SolutionProperties) = preSolution
		HideSolutionNode = FALSE
	EndGlobalSection
	GlobalSection(ExtensibilityGlobals) = postSolution
		SolutionGuid = {E95A89CC-7FAD-4630-BB5B-45221F1A7A47}
	EndGlobalSection
EndGlobal
